{
  "name": "toriwrites",
  "version": "1.0.0",
  "lockfileVersion": 2,
  "requires": true,
  "packages": {
    "": {
      "version": "1.0.0",
      "license": "MIT",
      "dependencies": {
        "victormono": "^1.4.2"
      }
    },
    "node_modules/animejs": {
      "version": "3.2.1",
      "resolved": "https://registry.npmjs.org/animejs/-/animejs-3.2.1.tgz",
      "integrity": "sha512-sWno3ugFryK5nhiDm/2BKeFCpZv7vzerWUcUPyAZLDhMek3+S/p418ldZJbJXo5ZUOpfm2kP2XRO4NJcULMy9A=="
    },
    "node_modules/async-validator": {
      "version": "1.8.5",
      "resolved": "https://registry.npmjs.org/async-validator/-/async-validator-1.8.5.tgz",
      "integrity": "sha512-tXBM+1m056MAX0E8TL2iCjg8WvSyXu0Zc8LNtYqrVeyoL3+esHRZ4SieE9fKQyyU09uONjnMEjrNBMqT0mbvmA==",
      "dependencies": {
        "babel-runtime": "6.x"
      }
    },
    "node_modules/babel-helper-vue-jsx-merge-props": {
      "version": "2.0.3",
      "resolved": "https://registry.npmjs.org/babel-helper-vue-jsx-merge-props/-/babel-helper-vue-jsx-merge-props-2.0.3.tgz",
      "integrity": "sha512-gsLiKK7Qrb7zYJNgiXKpXblxbV5ffSwR0f5whkPAaBAR4fhi6bwRZxX9wBlIc5M/v8CCkXUbXZL4N/nSE97cqg=="
    },
    "node_modules/babel-runtime": {
      "version": "6.26.0",
      "resolved": "https://registry.npmjs.org/babel-runtime/-/babel-runtime-6.26.0.tgz",
      "integrity": "sha1-llxwWGaOgrVde/4E/yM3vItWR/4=",
      "dependencies": {
        "core-js": "^2.4.0",
        "regenerator-runtime": "^0.11.0"
      }
    },
    "node_modules/bezier-easing": {
      "version": "2.1.0",
      "resolved": "https://registry.npmjs.org/bezier-easing/-/bezier-easing-2.1.0.tgz",
      "integrity": "sha1-wE3+i5JtbsrKGBPWn/F5t8ICXYY="
    },
    "node_modules/codemirror": {
      "version": "5.58.2",
      "resolved": "https://registry.npmjs.org/codemirror/-/codemirror-5.58.2.tgz",
      "integrity": "sha512-K/hOh24cCwRutd1Mk3uLtjWzNISOkm4fvXiMO7LucCrqbh6aJDdtqUziim3MZUI6wOY0rvY1SlL1Ork01uMy6w=="
    },
    "node_modules/core-js": {
      "version": "2.6.11",
      "resolved": "https://registry.npmjs.org/core-js/-/core-js-2.6.11.tgz",
      "integrity": "sha512-5wjnpaT/3dV+XB4borEsnAYQchn00XSgTAWKDkEqv+K8KevjbzmofK6hfJ9TZIlpj2N0xQpazy7PiRQiWHqzWg==",
      "deprecated": "core-js@<3 is no longer maintained and not recommended for usage due to the number of issues. Please, upgrade your dependencies to the actual version of core-js@3.",
      "hasInstallScript": true
    },
    "node_modules/deepmerge": {
      "version": "1.5.2",
      "resolved": "https://registry.npmjs.org/deepmerge/-/deepmerge-1.5.2.tgz",
      "integrity": "sha512-95k0GDqvBjZavkuvzx/YqVLv/6YYa17fz6ILMSf7neqQITCPbnfEnQvEgMPNjH4kgobe7+WIL0yJEHku+H3qtQ==",
      "engines": {
        "node": ">=0.10.0"
      }
    },
    "node_modules/diff-match-patch": {
      "version": "1.0.5",
      "resolved": "https://registry.npmjs.org/diff-match-patch/-/diff-match-patch-1.0.5.tgz",
      "integrity": "sha512-IayShXAgj/QMXgB0IWmKx+rOPuGMhqm5w6jvFxmVenXKIzRqTAAsbBPT3kWQeGANj3jGgvcvv4yK6SxqYmikgw=="
    },
    "node_modules/dom-confetti": {
      "version": "0.1.2",
      "resolved": "https://registry.npmjs.org/dom-confetti/-/dom-confetti-0.1.2.tgz",
      "integrity": "sha512-6Zo1pJEbEW1/GPgmk7uGWnPsoZ1E1vF7pmrPARnN3tp8L3ReMr/SIyLl6E8mGbu4DermzDWXfa+be77HehH2MA=="
    },
    "node_modules/element-ui": {
      "version": "2.14.1",
      "resolved": "https://registry.npmjs.org/element-ui/-/element-ui-2.14.1.tgz",
      "integrity": "sha512-Uje0J12dBaXdyvt/EtuDA8diFbYTdO7uI4QCfl7zmEJmE1WxgCSVKhlRRoL8MDonO8pyNVhB4n0AFAR14g56nw==",
      "dependencies": {
        "async-validator": "~1.8.1",
        "babel-helper-vue-jsx-merge-props": "^2.0.0",
        "deepmerge": "^1.2.0",
        "normalize-wheel": "^1.0.1",
        "resize-observer-polyfill": "^1.5.0",
        "throttle-debounce": "^1.0.1"
      },
      "peerDependencies": {
        "vue": "^2.5.17"
      }
    },
    "node_modules/granim": {
      "version": "2.0.0",
      "resolved": "https://registry.npmjs.org/granim/-/granim-2.0.0.tgz",
      "integrity": "sha512-aqa79K49ndjoUBtpYzlO8sKcuVQED+5axvX0SveqTLDR+Fa2G42AGntuQ36ysCFOWGVkWCLfHowFwk+D/9rGDg=="
    },
    "node_modules/normalize-wheel": {
      "version": "1.0.1",
      "resolved": "https://registry.npmjs.org/normalize-wheel/-/normalize-wheel-1.0.1.tgz",
      "integrity": "sha1-rsiGr/2wRQcNhWRH32Ls+GFG7EU="
    },
    "node_modules/regenerator-runtime": {
      "version": "0.11.1",
      "resolved": "https://registry.npmjs.org/regenerator-runtime/-/regenerator-runtime-0.11.1.tgz",
      "integrity": "sha512-MguG95oij0fC3QV3URf4V2SDYGJhJnJGqvIIgdECeODCT98wSWDAJ94SSuVpYQUoTcGUIL6L4yNB7j1DFFHSBg=="
    },
    "node_modules/resize-observer-polyfill": {
      "version": "1.5.1",
      "resolved": "https://registry.npmjs.org/resize-observer-polyfill/-/resize-observer-polyfill-1.5.1.tgz",
      "integrity": "sha512-LwZrotdHOo12nQuZlHEmtuXdqGoOD0OhaxopaNFxWzInpEgaLWoVuAMbTzixuosCx2nEG58ngzW3vxdWoxIgdg=="
    },
    "node_modules/throttle-debounce": {
      "version": "1.1.0",
      "resolved": "https://registry.npmjs.org/throttle-debounce/-/throttle-debounce-1.1.0.tgz",
      "integrity": "sha512-XH8UiPCQcWNuk2LYePibW/4qL97+ZQ1AN3FNXwZRBNPPowo/NRU5fAlDCSNBJIYCKbioZfuYtMhG4quqoJhVzg==",
      "engines": {
        "node": ">=4"
      }
    },
    "node_modules/typed.js": {
      "version": "2.0.11",
      "resolved": "https://registry.npmjs.org/typed.js/-/typed.js-2.0.11.tgz",
      "integrity": "sha512-1ZORHalEyLob34q738mqmwp0pT6syMigB1SZuTItqdhovWBKFIt7I5uVALXAGQZCg2MCtihCt6uqkoqPJK+9iQ=="
    },
    "node_modules/victormono": {
      "version": "1.4.2",
      "resolved": "https://registry.npmjs.org/victormono/-/victormono-1.4.2.tgz",
      "integrity": "sha512-QYcfSZorx7U1fnTy9z/MgW/lXbZvrMAKnYkxdLugbev6+VvjWZLHoFVsVieD/HLsCnveeTYxq6HuyqXtzwpZEg==",
      "dependencies": {
        "animejs": "^3.2.1",
        "core-js": "^2.6.5",
        "dom-confetti": "^0.1.2",
        "element-ui": "^2.13.2",
        "granim": "^2.0.0",
        "typed.js": "^2.0.11",
        "vue": "^2.6.12",
        "vue-codemirror": "^4.0.6",
        "vue-faq-accordion": "^1.6.2",
        "vue-scrollTo": "^2.4.1",
        "vue-social-sharing": "^2.4.6",
        "vue-twentytwenty": "^0.6.2"
      }
    },
    "node_modules/vue": {
      "version": "2.6.12",
      "resolved": "https://registry.npmjs.org/vue/-/vue-2.6.12.tgz",
      "integrity": "sha512-uhmLFETqPPNyuLLbsKz6ioJ4q7AZHzD8ZVFNATNyICSZouqP2Sz0rotWQC8UNBF6VGSCs5abnKJoStA6JbCbfg=="
    },
    "node_modules/vue-codemirror": {
      "version": "4.0.6",
      "resolved": "https://registry.npmjs.org/vue-codemirror/-/vue-codemirror-4.0.6.tgz",
      "integrity": "sha512-ilU7Uf0mqBNSSV3KT7FNEeRIxH4s1fmpG4TfHlzvXn0QiQAbkXS9lLfwuZpaBVEnpP5CSE62iGJjoliTuA8poQ==",
      "dependencies": {
        "codemirror": "^5.41.0",
        "diff-match-patch": "^1.0.0"
      },
      "engines": {
        "node": ">= 4.0.0",
        "npm": ">= 3.0.0"
      }
    },
    "node_modules/vue-faq-accordion": {
      "version": "1.6.2",
      "resolved": "https://registry.npmjs.org/vue-faq-accordion/-/vue-faq-accordion-1.6.2.tgz",
      "integrity": "sha512-PXFgeYQiXBe6fYERfIn44bFYUYsP+TiZ+qBH/KQKvXck85neCZvQiJN8IHwMLSC41fDdBnQvBIi6V9oO/wl/zg==",
      "dependencies": {
        "vue2-transitions": "^0.3.0"
      }
    },
    "node_modules/vue-scrollTo": {
      "version": "2.4.1",
      "resolved": "https://registry.npmjs.org/vue-scrollTo/-/vue-scrollTo-2.4.1.tgz",
      "integrity": "sha1-3LemjWP9pf9Mk6qKpVq6oVNBK6g=",
      "dependencies": {
        "bezier-easing": "^2.0.3"
      }
    },
    "node_modules/vue-social-sharing": {
      "version": "2.4.7",
      "resolved": "https://registry.npmjs.org/vue-social-sharing/-/vue-social-sharing-2.4.7.tgz",
      "integrity": "sha512-X70bulEnjSHvakf8NaLhuKTuUS4yKzdhYjX/aJ4dPVIXWaoXH8w+QODuM3C6c3fPaiNqgR19VrDyWB7EUGUzPQ==",
      "dependencies": {
        "vue": "^2.2.4"
      },
      "engines": {
        "node": ">= 6.0"
      }
    },
    "node_modules/vue-twentytwenty": {
      "version": "0.6.2",
      "resolved": "https://registry.npmjs.org/vue-twentytwenty/-/vue-twentytwenty-0.6.2.tgz",
      "integrity": "sha512-JKwxw/p8e4wab0xPbHhj3np2ltNUh9YAaiJYlJCRWEpBig3BzgJwozLJnm5Y/BPUuy46R61o6tr0mNv66CZHQQ=="
    },
    "node_modules/vue2-transitions": {
      "version": "0.3.0",
      "resolved": "https://registry.npmjs.org/vue2-transitions/-/vue2-transitions-0.3.0.tgz",
      "integrity": "sha512-m1ad8K8kufqiEhj5gXHkkqOioI5sW0FaMbRiO0Tv2WFfGbO2eIKrfkFiO3HPQtMJboimaLCN4p/zL81clLbG4w=="
    }
  },
  "dependencies": {
    "animejs": {
      "version": "3.2.1",
      "resolved": "https://registry.npmjs.org/animejs/-/animejs-3.2.1.tgz",
      "integrity": "sha512-sWno3ugFryK5nhiDm/2BKeFCpZv7vzerWUcUPyAZLDhMek3+S/p418ldZJbJXo5ZUOpfm2kP2XRO4NJcULMy9A=="
    },
    "async-validator": {
      "version": "1.8.5",
      "resolved": "https://registry.npmjs.org/async-validator/-/async-validator-1.8.5.tgz",
      "integrity": "sha512-tXBM+1m056MAX0E8TL2iCjg8WvSyXu0Zc8LNtYqrVeyoL3+esHRZ4SieE9fKQyyU09uONjnMEjrNBMqT0mbvmA==",
      "requires": {
        "babel-runtime": "6.x"
      }
    },
    "babel-helper-vue-jsx-merge-props": {
      "version": "2.0.3",
      "resolved": "https://registry.npmjs.org/babel-helper-vue-jsx-merge-props/-/babel-helper-vue-jsx-merge-props-2.0.3.tgz",
      "integrity": "sha512-gsLiKK7Qrb7zYJNgiXKpXblxbV5ffSwR0f5whkPAaBAR4fhi6bwRZxX9wBlIc5M/v8CCkXUbXZL4N/nSE97cqg=="
    },
    "babel-runtime": {
      "version": "6.26.0",
      "resolved": "https://registry.npmjs.org/babel-runtime/-/babel-runtime-6.26.0.tgz",
      "integrity": "sha1-llxwWGaOgrVde/4E/yM3vItWR/4=",
      "requires": {
        "core-js": "^2.4.0",
        "regenerator-runtime": "^0.11.0"
      }
    },
    "bezier-easing": {
      "version": "2.1.0",
      "resolved": "https://registry.npmjs.org/bezier-easing/-/bezier-easing-2.1.0.tgz",
      "integrity": "sha1-wE3+i5JtbsrKGBPWn/F5t8ICXYY="
    },
    "codemirror": {
      "version": "5.58.2",
      "resolved": "https://registry.npmjs.org/codemirror/-/codemirror-5.58.2.tgz",
      "integrity": "sha512-K/hOh24cCwRutd1Mk3uLtjWzNISOkm4fvXiMO7LucCrqbh6aJDdtqUziim3MZUI6wOY0rvY1SlL1Ork01uMy6w=="
    },
    "core-js": {
      "version": "2.6.11",
      "resolved": "https://registry.npmjs.org/core-js/-/core-js-2.6.11.tgz",
      "integrity": "sha512-5wjnpaT/3dV+XB4borEsnAYQchn00XSgTAWKDkEqv+K8KevjbzmofK6hfJ9TZIlpj2N0xQpazy7PiRQiWHqzWg=="
    },
    "deepmerge": {
      "version": "1.5.2",
      "resolved": "https://registry.npmjs.org/deepmerge/-/deepmerge-1.5.2.tgz",
      "integrity": "sha512-95k0GDqvBjZavkuvzx/YqVLv/6YYa17fz6ILMSf7neqQITCPbnfEnQvEgMPNjH4kgobe7+WIL0yJEHku+H3qtQ=="
    },
    "diff-match-patch": {
      "version": "1.0.5",
      "resolved": "https://registry.npmjs.org/diff-match-patch/-/diff-match-patch-1.0.5.tgz",
      "integrity": "sha512-IayShXAgj/QMXgB0IWmKx+rOPuGMhqm5w6jvFxmVenXKIzRqTAAsbBPT3kWQeGANj3jGgvcvv4yK6SxqYmikgw=="
    },
    "dom-confetti": {
      "version": "0.1.2",
      "resolved": "https://registry.npmjs.org/dom-confetti/-/dom-confetti-0.1.2.tgz",
      "integrity": "sha512-6Zo1pJEbEW1/GPgmk7uGWnPsoZ1E1vF7pmrPARnN3tp8L3ReMr/SIyLl6E8mGbu4DermzDWXfa+be77HehH2MA=="
    },
    "element-ui": {
      "version": "2.14.1",
      "resolved": "https://registry.npmjs.org/element-ui/-/element-ui-2.14.1.tgz",
      "integrity": "sha512-Uje0J12dBaXdyvt/EtuDA8diFbYTdO7uI4QCfl7zmEJmE1WxgCSVKhlRRoL8MDonO8pyNVhB4n0AFAR14g56nw==",
      "requires": {
        "async-validator": "~1.8.1",
        "babel-helper-vue-jsx-merge-props": "^2.0.0",
        "deepmerge": "^1.2.0",
        "normalize-wheel": "^1.0.1",
        "resize-observer-polyfill": "^1.5.0",
        "throttle-debounce": "^1.0.1"
      }
    },
    "granim": {
      "version": "2.0.0",
      "resolved": "https://registry.npmjs.org/granim/-/granim-2.0.0.tgz",
      "integrity": "sha512-aqa79K49ndjoUBtpYzlO8sKcuVQED+5axvX0SveqTLDR+Fa2G42AGntuQ36ysCFOWGVkWCLfHowFwk+D/9rGDg=="
    },
    "normalize-wheel": {
      "version": "1.0.1",
      "resolved": "https://registry.npmjs.org/normalize-wheel/-/normalize-wheel-1.0.1.tgz",
      "integrity": "sha1-rsiGr/2wRQcNhWRH32Ls+GFG7EU="
    },
    "regenerator-runtime": {
      "version": "0.11.1",
      "resolved": "https://registry.npmjs.org/regenerator-runtime/-/regenerator-runtime-0.11.1.tgz",
      "integrity": "sha512-MguG95oij0fC3QV3URf4V2SDYGJhJnJGqvIIgdECeODCT98wSWDAJ94SSuVpYQUoTcGUIL6L4yNB7j1DFFHSBg=="
    },
    "resize-observer-polyfill": {
      "version": "1.5.1",
      "resolved": "https://registry.npmjs.org/resize-observer-polyfill/-/resize-observer-polyfill-1.5.1.tgz",
      "integrity": "sha512-LwZrotdHOo12nQuZlHEmtuXdqGoOD0OhaxopaNFxWzInpEgaLWoVuAMbTzixuosCx2nEG58ngzW3vxdWoxIgdg=="
    },
    "throttle-debounce": {
      "version": "1.1.0",
      "resolved": "https://registry.npmjs.org/throttle-debounce/-/throttle-debounce-1.1.0.tgz",
      "integrity": "sha512-XH8UiPCQcWNuk2LYePibW/4qL97+ZQ1AN3FNXwZRBNPPowo/NRU5fAlDCSNBJIYCKbioZfuYtMhG4quqoJhVzg=="
    },
    "typed.js": {
      "version": "2.0.11",
      "resolved": "https://registry.npmjs.org/typed.js/-/typed.js-2.0.11.tgz",
      "integrity": "sha512-1ZORHalEyLob34q738mqmwp0pT6syMigB1SZuTItqdhovWBKFIt7I5uVALXAGQZCg2MCtihCt6uqkoqPJK+9iQ=="
    },
    "victormono": {
      "version": "1.4.2",
      "resolved": "https://registry.npmjs.org/victormono/-/victormono-1.4.2.tgz",
      "integrity": "sha512-QYcfSZorx7U1fnTy9z/MgW/lXbZvrMAKnYkxdLugbev6+VvjWZLHoFVsVieD/HLsCnveeTYxq6HuyqXtzwpZEg==",
      "requires": {
        "animejs": "^3.2.1",
        "core-js": "^2.6.5",
        "dom-confetti": "^0.1.2",
        "element-ui": "^2.13.2",
        "granim": "^2.0.0",
        "typed.js": "^2.0.11",
        "vue": "^2.6.12",
        "vue-codemirror": "^4.0.6",
        "vue-faq-accordion": "^1.6.2",
        "vue-scrollTo": "^2.4.1",
        "vue-social-sharing": "^2.4.6",
        "vue-twentytwenty": "^0.6.2"
      }
    },
    "vue": {
      "version": "2.6.12",
      "resolved": "https://registry.npmjs.org/vue/-/vue-2.6.12.tgz",
      "integrity": "sha512-uhmLFETqPPNyuLLbsKz6ioJ4q7AZHzD8ZVFNATNyICSZouqP2Sz0rotWQC8UNBF6VGSCs5abnKJoStA6JbCbfg=="
    },
    "vue-codemirror": {
      "version": "4.0.6",
      "resolved": "https://registry.npmjs.org/vue-codemirror/-/vue-codemirror-4.0.6.tgz",
      "integrity": "sha512-ilU7Uf0mqBNSSV3KT7FNEeRIxH4s1fmpG4TfHlzvXn0QiQAbkXS9lLfwuZpaBVEnpP5CSE62iGJjoliTuA8poQ==",
      "requires": {
        "codemirror": "^5.41.0",
        "diff-match-patch": "^1.0.0"
      }
    },
    "vue-faq-accordion": {
      "version": "1.6.2",
      "resolved": "https://registry.npmjs.org/vue-faq-accordion/-/vue-faq-accordion-1.6.2.tgz",
      "integrity": "sha512-PXFgeYQiXBe6fYERfIn44bFYUYsP+TiZ+qBH/KQKvXck85neCZvQiJN8IHwMLSC41fDdBnQvBIi6V9oO/wl/zg==",
      "requires": {
        "vue2-transitions": "^0.3.0"
      }
    },
    "vue-scrollTo": {
      "version": "2.4.1",
      "resolved": "https://registry.npmjs.org/vue-scrollTo/-/vue-scrollTo-2.4.1.tgz",
      "integrity": "sha1-3LemjWP9pf9Mk6qKpVq6oVNBK6g=",
      "requires": {
        "bezier-easing": "^2.0.3"
      }
    },
    "vue-social-sharing": {
      "version": "2.4.7",
      "resolved": "https://registry.npmjs.org/vue-social-sharing/-/vue-social-sharing-2.4.7.tgz",
      "integrity": "sha512-X70bulEnjSHvakf8NaLhuKTuUS4yKzdhYjX/aJ4dPVIXWaoXH8w+QODuM3C6c3fPaiNqgR19VrDyWB7EUGUzPQ==",
      "requires": {
        "vue": "^2.2.4"
      }
    },
    "vue-twentytwenty": {
      "version": "0.6.2",
      "resolved": "https://registry.npmjs.org/vue-twentytwenty/-/vue-twentytwenty-0.6.2.tgz",
      "integrity": "sha512-JKwxw/p8e4wab0xPbHhj3np2ltNUh9YAaiJYlJCRWEpBig3BzgJwozLJnm5Y/BPUuy46R61o6tr0mNv66CZHQQ=="
    },
    "vue2-transitions": {
      "version": "0.3.0",
      "resolved": "https://registry.npmjs.org/vue2-transitions/-/vue2-transitions-0.3.0.tgz",
      "integrity": "sha512-m1ad8K8kufqiEhj5gXHkkqOioI5sW0FaMbRiO0Tv2WFfGbO2eIKrfkFiO3HPQtMJboimaLCN4p/zL81clLbG4w=="
    }
  }
}
